// !$*UTF8*$!
{
	archiveVersion = 1;
	classes = {
	};
	objectVersion = 50;
	objects = {

/* Begin PBXBuildFile section */
		3B07F9E42721D06000FA88FE /* AppDelegate.swift in Sources */ = {isa = PBXBuildFile; fileRef = 3B07F9E32721D06000FA88FE /* AppDelegate.swift */; };
		3B07F9E62721D06000FA88FE /* SceneDelegate.swift in Sources */ = {isa = PBXBuildFile; fileRef = 3B07F9E52721D06000FA88FE /* SceneDelegate.swift */; };
		3B07F9E82721D06000FA88FE /* ViewController.swift in Sources */ = {isa = PBXBuildFile; fileRef = 3B07F9E72721D06000FA88FE /* ViewController.swift */; };
		3B07F9EB2721D06000FA88FE /* Main.storyboard in Resources */ = {isa = PBXBuildFile; fileRef = 3B07F9E92721D06000FA88FE /* Main.storyboard */; };
		3B07F9ED2721D06100FA88FE /* Assets.xcassets in Resources */ = {isa = PBXBuildFile; fileRef = 3B07F9EC2721D06100FA88FE /* Assets.xcassets */; };
		3B07F9F02721D06100FA88FE /* LaunchScreen.storyboard in Resources */ = {isa = PBXBuildFile; fileRef = 3B07F9EE2721D06100FA88FE /* LaunchScreen.storyboard */; };
		8D0D7CBD27343DD40035F302 /* ProfileViewController.swift in Sources */ = {isa = PBXBuildFile; fileRef = 8D0D7CBC27343DD40035F302 /* ProfileViewController.swift */; };
		8D0D7CC02734459D0035F302 /* ProfileCourseTableViewCell.swift in Sources */ = {isa = PBXBuildFile; fileRef = 8D0D7CBF2734459D0035F302 /* ProfileCourseTableViewCell.swift */; };
		8D5C056B2734234500603A5C /* StudentsTableViewController.swift in Sources */ = {isa = PBXBuildFile; fileRef = 8D5C056A2734234500603A5C /* StudentsTableViewController.swift */; };
		8D5C056E273424B400603A5C /* StudentTableViewCell.swift in Sources */ = {isa = PBXBuildFile; fileRef = 8D5C056D273424B400603A5C /* StudentTableViewCell.swift */; };
		8D5C05712734257700603A5C /* Student.swift in Sources */ = {isa = PBXBuildFile; fileRef = 8D5C05702734257700603A5C /* Student.swift */; };
		8DDAFC922732930F00DF3BEC /* Course.swift in Sources */ = {isa = PBXBuildFile; fileRef = 8DDAFC912732930F00DF3BEC /* Course.swift */; };
		BCF1B36B27339E9700EBB07E /* CourseDetailViewController.swift in Sources */ = {isa = PBXBuildFile; fileRef = BCF1B36A27339E9700EBB07E /* CourseDetailViewController.swift */; };
		BCF1B36E2733A59F00EBB07E /* CoursesTableViewController.swift in Sources */ = {isa = PBXBuildFile; fileRef = BCF1B36D2733A59F00EBB07E /* CoursesTableViewController.swift */; };
		BCF1B3712733AE2E00EBB07E /* CourseTableViewCell.swift in Sources */ = {isa = PBXBuildFile; fileRef = BCF1B3702733AE2E00EBB07E /* CourseTableViewCell.swift */; };
/* End PBXBuildFile section */

/* Begin PBXFileReference section */
		3B07F9E02721D06000FA88FE /* PrepanetMindful.app */ = {isa = PBXFileReference; explicitFileType = wrapper.application; includeInIndex = 0; path = PrepanetMindful.app; sourceTree = BUILT_PRODUCTS_DIR; };
		3B07F9E32721D06000FA88FE /* AppDelegate.swift */ = {isa = PBXFileReference; lastKnownFileType = sourcecode.swift; path = AppDelegate.swift; sourceTree = "<group>"; };
		3B07F9E52721D06000FA88FE /* SceneDelegate.swift */ = {isa = PBXFileReference; lastKnownFileType = sourcecode.swift; path = SceneDelegate.swift; sourceTree = "<group>"; };
		3B07F9E72721D06000FA88FE /* ViewController.swift */ = {isa = PBXFileReference; lastKnownFileType = sourcecode.swift; path = ViewController.swift; sourceTree = "<group>"; };
		3B07F9EA2721D06000FA88FE /* Base */ = {isa = PBXFileReference; lastKnownFileType = file.storyboard; name = Base; path = Base.lproj/Main.storyboard; sourceTree = "<group>"; };
		3B07F9EC2721D06100FA88FE /* Assets.xcassets */ = {isa = PBXFileReference; lastKnownFileType = folder.assetcatalog; path = Assets.xcassets; sourceTree = "<group>"; };
		3B07F9EF2721D06100FA88FE /* Base */ = {isa = PBXFileReference; lastKnownFileType = file.storyboard; name = Base; path = Base.lproj/LaunchScreen.storyboard; sourceTree = "<group>"; };
		3B07F9F12721D06100FA88FE /* Info.plist */ = {isa = PBXFileReference; lastKnownFileType = text.plist.xml; path = Info.plist; sourceTree = "<group>"; };
		8D0D7CBC27343DD40035F302 /* ProfileViewController.swift */ = {isa = PBXFileReference; lastKnownFileType = sourcecode.swift; path = ProfileViewController.swift; sourceTree = "<group>"; };
		8D0D7CBF2734459D0035F302 /* ProfileCourseTableViewCell.swift */ = {isa = PBXFileReference; lastKnownFileType = sourcecode.swift; path = ProfileCourseTableViewCell.swift; sourceTree = "<group>"; };
		8D5C056A2734234500603A5C /* StudentsTableViewController.swift */ = {isa = PBXFileReference; lastKnownFileType = sourcecode.swift; path = StudentsTableViewController.swift; sourceTree = "<group>"; };
		8D5C056D273424B400603A5C /* StudentTableViewCell.swift */ = {isa = PBXFileReference; lastKnownFileType = sourcecode.swift; path = StudentTableViewCell.swift; sourceTree = "<group>"; };
		8D5C05702734257700603A5C /* Student.swift */ = {isa = PBXFileReference; lastKnownFileType = sourcecode.swift; path = Student.swift; sourceTree = "<group>"; };
		8DDAFC912732930F00DF3BEC /* Course.swift */ = {isa = PBXFileReference; lastKnownFileType = sourcecode.swift; path = Course.swift; sourceTree = "<group>"; };
		BCF1B36A27339E9700EBB07E /* CourseDetailViewController.swift */ = {isa = PBXFileReference; lastKnownFileType = sourcecode.swift; path = CourseDetailViewController.swift; sourceTree = "<group>"; };
		BCF1B36D2733A59F00EBB07E /* CoursesTableViewController.swift */ = {isa = PBXFileReference; lastKnownFileType = sourcecode.swift; path = CoursesTableViewController.swift; sourceTree = "<group>"; };
		BCF1B3702733AE2E00EBB07E /* CourseTableViewCell.swift */ = {isa = PBXFileReference; lastKnownFileType = sourcecode.swift; path = CourseTableViewCell.swift; sourceTree = "<group>"; };
/* End PBXFileReference section */

/* Begin PBXFrameworksBuildPhase section */
		3B07F9DD2721D06000FA88FE /* Frameworks */ = {
			isa = PBXFrameworksBuildPhase;
			buildActionMask = 2147483647;
			files = (
			);
			runOnlyForDeploymentPostprocessing = 0;
		};
/* End PBXFrameworksBuildPhase section */

/* Begin PBXGroup section */
		3B07F9D72721D06000FA88FE = {
			isa = PBXGroup;
			children = (
				3B07F9E22721D06000FA88FE /* PrepanetMindful */,
				3B07F9E12721D06000FA88FE /* Products */,
			);
			sourceTree = "<group>";
		};
		3B07F9E12721D06000FA88FE /* Products */ = {
			isa = PBXGroup;
			children = (
				3B07F9E02721D06000FA88FE /* PrepanetMindful.app */,
			);
			name = Products;
			sourceTree = "<group>";
		};
		3B07F9E22721D06000FA88FE /* PrepanetMindful */ = {
			isa = PBXGroup;
			children = (
				8D5C056D273424B400603A5C /* StudentTableViewCell.swift */,
				8D5C056A2734234500603A5C /* StudentsTableViewController.swift */,
				3B07F9E32721D06000FA88FE /* AppDelegate.swift */,
				3B07F9E52721D06000FA88FE /* SceneDelegate.swift */,
				3B07F9E72721D06000FA88FE /* ViewController.swift */,
				3B07F9E92721D06000FA88FE /* Main.storyboard */,
				8D0D7CBF2734459D0035F302 /* ProfileCourseTableViewCell.swift */,
				8D0D7CBC27343DD40035F302 /* ProfileViewController.swift */,
				8D5C05702734257700603A5C /* Student.swift */,
				BCF1B3702733AE2E00EBB07E /* CourseTableViewCell.swift */,
				BCF1B36D2733A59F00EBB07E /* CoursesTableViewController.swift */,
				BCF1B36A27339E9700EBB07E /* CourseDetailViewController.swift */,
				3B07F9EC2721D06100FA88FE /* Assets.xcassets */,
				3B07F9EE2721D06100FA88FE /* LaunchScreen.storyboard */,
				3B07F9F12721D06100FA88FE /* Info.plist */,
				8DDAFC912732930F00DF3BEC /* Course.swift */,
			);
			path = PrepanetMindful;
			sourceTree = "<group>";
		};
/* End PBXGroup section */

/* Begin PBXNativeTarget section */
		3B07F9DF2721D06000FA88FE /* PrepanetMindful */ = {
			isa = PBXNativeTarget;
			buildConfigurationList = 3B07F9F42721D06100FA88FE /* Build configuration list for PBXNativeTarget "PrepanetMindful" */;
			buildPhases = (
				3B07F9DC2721D06000FA88FE /* Sources */,
				3B07F9DD2721D06000FA88FE /* Frameworks */,
				3B07F9DE2721D06000FA88FE /* Resources */,
			);
			buildRules = (
			);
			dependencies = (
			);
			name = PrepanetMindful;
			productName = PrepanetMindful;
			productReference = 3B07F9E02721D06000FA88FE /* PrepanetMindful.app */;
			productType = "com.apple.product-type.application";
		};
/* End PBXNativeTarget section */

/* Begin PBXProject section */
		3B07F9D82721D06000FA88FE /* Project object */ = {
			isa = PBXProject;
			attributes = {
				LastSwiftUpdateCheck = 1230;
				LastUpgradeCheck = 1230;
				TargetAttributes = {
					3B07F9DF2721D06000FA88FE = {
						CreatedOnToolsVersion = 12.3;
					};
				};
			};
			buildConfigurationList = 3B07F9DB2721D06000FA88FE /* Build configuration list for PBXProject "PrepanetMindful" */;
			compatibilityVersion = "Xcode 9.3";
			developmentRegion = en;
			hasScannedForEncodings = 0;
			knownRegions = (
				en,
				Base,
			);
			mainGroup = 3B07F9D72721D06000FA88FE;
			productRefGroup = 3B07F9E12721D06000FA88FE /* Products */;
			projectDirPath = "";
			projectRoot = "";
			targets = (
				3B07F9DF2721D06000FA88FE /* PrepanetMindful */,
			);
		};
/* End PBXProject section */

/* Begin PBXResourcesBuildPhase section */
		3B07F9DE2721D06000FA88FE /* Resources */ = {
			isa = PBXResourcesBuildPhase;
			buildActionMask = 2147483647;
			files = (
				3B07F9F02721D06100FA88FE /* LaunchScreen.storyboard in Resources */,
				3B07F9ED2721D06100FA88FE /* Assets.xcassets in Resources */,
				3B07F9EB2721D06000FA88FE /* Main.storyboard in Resources */,
			);
			runOnlyForDeploymentPostprocessing = 0;
		};
/* End PBXResourcesBuildPhase section */

/* Begin PBXSourcesBuildPhase section */
		3B07F9DC2721D06000FA88FE /* Sources */ = {
			isa = PBXSourcesBuildPhase;
			buildActionMask = 2147483647;
			files = (
				BCF1B36B27339E9700EBB07E /* CourseDetailViewController.swift in Sources */,
				3B07F9E82721D06000FA88FE /* ViewController.swift in Sources */,
				8DDAFC922732930F00DF3BEC /* Course.swift in Sources */,
				8D5C05712734257700603A5C /* Student.swift in Sources */,
				3B07F9E42721D06000FA88FE /* AppDelegate.swift in Sources */,
				BCF1B36E2733A59F00EBB07E /* CoursesTableViewController.swift in Sources */,
				8D0D7CBD27343DD40035F302 /* ProfileViewController.swift in Sources */,
				8D5C056E273424B400603A5C /* StudentTableViewCell.swift in Sources */,
				8D0D7CC02734459D0035F302 /* ProfileCourseTableViewCell.swift in Sources */,
				3B07F9E62721D06000FA88FE /* SceneDelegate.swift in Sources */,
				BCF1B3712733AE2E00EBB07E /* CourseTableViewCell.swift in Sources */,
				8D5C056B2734234500603A5C /* StudentsTableViewController.swift in Sources */,
			);
			runOnlyForDeploymentPostprocessing = 0;
		};
/* End PBXSourcesBuildPhase section */

/* Begin PBXVariantGroup section */
		3B07F9E92721D06000FA88FE /* Main.storyboard */ = {
			isa = PBXVariantGroup;
			children = (
				3B07F9EA2721D06000FA88FE /* Base */,
			);
			name = Main.storyboard;
			sourceTree = "<group>";
		};
		3B07F9EE2721D06100FA88FE /* LaunchScreen.storyboard */ = {
			isa = PBXVariantGroup;
			children = (
				3B07F9EF2721D06100FA88FE /* Base */,
			);
			name = LaunchScreen.storyboard;
			sourceTree = "<group>";
		};
/* End PBXVariantGroup section */

/* Begin XCBuildConfiguration section */
		3B07F9F22721D06100FA88FE /* Debug */ = {
			isa = XCBuildConfiguration;
			buildSettings = {
				ALWAYS_SEARCH_USER_PATHS = NO;
				CLANG_ANALYZER_NONNULL = YES;
				CLANG_ANALYZER_NUMBER_OBJECT_CONVERSION = YES_AGGRESSIVE;
				CLANG_CXX_LANGUAGE_STANDARD = "gnu++14";
				CLANG_CXX_LIBRARY = "libc++";
				CLANG_ENABLE_MODULES = YES;
				CLANG_ENABLE_OBJC_ARC = YES;
				CLANG_ENABLE_OBJC_WEAK = YES;
				CLANG_WARN_BLOCK_CAPTURE_AUTORELEASING = YES;
				CLANG_WARN_BOOL_CONVERSION = YES;
				CLANG_WARN_COMMA = YES;
				CLANG_WARN_CONSTANT_CONVERSION = YES;
				CLANG_WARN_DEPRECATED_OBJC_IMPLEMENTATIONS = YES;
				CLANG_WARN_DIRECT_OBJC_ISA_USAGE = YES_ERROR;
				CLANG_WARN_DOCUMENTATION_COMMENTS = YES;
				CLANG_WARN_EMPTY_BODY = YES;
				CLANG_WARN_ENUM_CONVERSION = YES;
				CLANG_WARN_INFINITE_RECURSION = YES;
				CLANG_WARN_INT_CONVERSION = YES;
				CLANG_WARN_NON_LITERAL_NULL_CONVERSION = YES;
				CLANG_WARN_OBJC_IMPLICIT_RETAIN_SELF = YES;
				CLANG_WARN_OBJC_LITERAL_CONVERSION = YES;
				CLANG_WARN_OBJC_ROOT_CLASS = YES_ERROR;
				CLANG_WARN_QUOTED_INCLUDE_IN_FRAMEWORK_HEADER = YES;
				CLANG_WARN_RANGE_LOOP_ANALYSIS = YES;
				CLANG_WARN_STRICT_PROTOTYPES = YES;
				CLANG_WARN_SUSPICIOUS_MOVE = YES;
				CLANG_WARN_UNGUARDED_AVAILABILITY = YES_AGGRESSIVE;
				CLANG_WARN_UNREACHABLE_CODE = YES;
				CLANG_WARN__DUPLICATE_METHOD_MATCH = YES;
				COPY_PHASE_STRIP = NO;
				DEBUG_INFORMATION_FORMAT = dwarf;
				ENABLE_STRICT_OBJC_MSGSEND = YES;
				ENABLE_TESTABILITY = YES;
				GCC_C_LANGUAGE_STANDARD = gnu11;
				GCC_DYNAMIC_NO_PIC = NO;
				GCC_NO_COMMON_BLOCKS = YES;
				GCC_OPTIMIZATION_LEVEL = 0;
				GCC_PREPROCESSOR_DEFINITIONS = (
					"DEBUG=1",
					"$(inherited)",
				);
				GCC_WARN_64_TO_32_BIT_CONVERSION = YES;
				GCC_WARN_ABOUT_RETURN_TYPE = YES_ERROR;
				GCC_WARN_UNDECLARED_SELECTOR = YES;
				GCC_WARN_UNINITIALIZED_AUTOS = YES_AGGRESSIVE;
				GCC_WARN_UNUSED_FUNCTION = YES;
				GCC_WARN_UNUSED_VARIABLE = YES;
				IPHONEOS_DEPLOYMENT_TARGET = 14.3;
				MTL_ENABLE_DEBUG_INFO = INCLUDE_SOURCE;
				MTL_FAST_MATH = YES;
				ONLY_ACTIVE_ARCH = YES;
				SDKROOT = iphoneos;
				SWIFT_ACTIVE_COMPILATION_CONDITIONS = DEBUG;
				SWIFT_OPTIMIZATION_LEVEL = "-Onone";
			};
			name = Debug;
		};
		3B07F9F32721D06100FA88FE /* Release */ = {
			isa = XCBuildConfiguration;
			buildSettings = {
				ALWAYS_SEARCH_USER_PATHS = NO;
				CLANG_ANALYZER_NONNULL = YES;
				CLANG_ANALYZER_NUMBER_OBJECT_CONVERSION = YES_AGGRESSIVE;
				CLANG_CXX_LANGUAGE_STANDARD = "gnu++14";
				CLANG_CXX_LIBRARY = "libc++";
				CLANG_ENABLE_MODULES = YES;
				CLANG_ENABLE_OBJC_ARC = YES;
				CLANG_ENABLE_OBJC_WEAK = YES;
				CLANG_WARN_BLOCK_CAPTURE_AUTORELEASING = YES;
				CLANG_WARN_BOOL_CONVERSION = YES;
				CLANG_WARN_COMMA = YES;
				CLANG_WARN_CONSTANT_CONVERSION = YES;
				CLANG_WARN_DEPRECATED_OBJC_IMPLEMENTATIONS = YES;
				CLANG_WARN_DIRECT_OBJC_ISA_USAGE = YES_ERROR;
				CLANG_WARN_DOCUMENTATION_COMMENTS = YES;
				CLANG_WARN_EMPTY_BODY = YES;
				CLANG_WARN_ENUM_CONVERSION = YES;
				CLANG_WARN_INFINITE_RECURSION = YES;
				CLANG_WARN_INT_CONVERSION = YES;
				CLANG_WARN_NON_LITERAL_NULL_CONVERSION = YES;
				CLANG_WARN_OBJC_IMPLICIT_RETAIN_SELF = YES;
				CLANG_WARN_OBJC_LITERAL_CONVERSION = YES;
				CLANG_WARN_OBJC_ROOT_CLASS = YES_ERROR;
				CLANG_WARN_QUOTED_INCLUDE_IN_FRAMEWORK_HEADER = YES;
				CLANG_WARN_RANGE_LOOP_ANALYSIS = YES;
				CLANG_WARN_STRICT_PROTOTYPES = YES;
				CLANG_WARN_SUSPICIOUS_MOVE = YES;
				CLANG_WARN_UNGUARDED_AVAILABILITY = YES_AGGRESSIVE;
				CLANG_WARN_UNREACHABLE_CODE = YES;
				CLANG_WARN__DUPLICATE_METHOD_MATCH = YES;
				COPY_PHASE_STRIP = NO;
				DEBUG_INFORMATION_FORMAT = "dwarf-with-dsym";
				ENABLE_NS_ASSERTIONS = NO;
				ENABLE_STRICT_OBJC_MSGSEND = YES;
				GCC_C_LANGUAGE_STANDARD = gnu11;
				GCC_NO_COMMON_BLOCKS = YES;
				GCC_WARN_64_TO_32_BIT_CONVERSION = YES;
				GCC_WARN_ABOUT_RETURN_TYPE = YES_ERROR;
				GCC_WARN_UNDECLARED_SELECTOR = YES;
				GCC_WARN_UNINITIALIZED_AUTOS = YES_AGGRESSIVE;
				GCC_WARN_UNUSED_FUNCTION = YES;
				GCC_WARN_UNUSED_VARIABLE = YES;
				IPHONEOS_DEPLOYMENT_TARGET = 14.3;
				MTL_ENABLE_DEBUG_INFO = NO;
				MTL_FAST_MATH = YES;
				SDKROOT = iphoneos;
				SWIFT_COMPILATION_MODE = wholemodule;
				SWIFT_OPTIMIZATION_LEVEL = "-O";
				VALIDATE_PRODUCT = YES;
			};
			name = Release;
		};
		3B07F9F52721D06100FA88FE /* Debug */ = {
			isa = XCBuildConfiguration;
			buildSettings = {
				ASSETCATALOG_COMPILER_APPICON_NAME = AppIcon;
				ASSETCATALOG_COMPILER_GLOBAL_ACCENT_COLOR_NAME = AccentColor;
				CODE_SIGN_STYLE = Automatic;
				INFOPLIST_FILE = PrepanetMindful/Info.plist;
				LD_RUNPATH_SEARCH_PATHS = (
					"$(inherited)",
					"@executable_path/Frameworks",
				);
				PRODUCT_BUNDLE_IDENTIFIER = com.ITESM.PrepanetMindful;
				PRODUCT_NAME = "$(TARGET_NAME)";
				SWIFT_VERSION = 5.0;
				TARGETED_DEVICE_FAMILY = "1,2";
			};
			name = Debug;
		};
		3B07F9F62721D06100FA88FE /* Release */ = {
			isa = XCBuildConfiguration;
			buildSettings = {
				ASSETCATALOG_COMPILER_APPICON_NAME = AppIcon;
				ASSETCATALOG_COMPILER_GLOBAL_ACCENT_COLOR_NAME = AccentColor;
				CODE_SIGN_STYLE = Automatic;
				INFOPLIST_FILE = PrepanetMindful/Info.plist;
				LD_RUNPATH_SEARCH_PATHS = (
					"$(inherited)",
					"@executable_path/Frameworks",
				);
				PRODUCT_BUNDLE_IDENTIFIER = com.ITESM.PrepanetMindful;
				PRODUCT_NAME = "$(TARGET_NAME)";
				SWIFT_VERSION = 5.0;
				TARGETED_DEVICE_FAMILY = "1,2";
			};
			name = Release;
		};
/* End XCBuildConfiguration section */

/* Begin XCConfigurationList section */
		3B07F9DB2721D06000FA88FE /* Build configuration list for PBXProject "PrepanetMindful" */ = {
			isa = XCConfigurationList;
			buildConfigurations = (
				3B07F9F22721D06100FA88FE /* Debug */,
				3B07F9F32721D06100FA88FE /* Release */,
			);
			defaultConfigurationIsVisible = 0;
			defaultConfigurationName = Release;
		};
		3B07F9F42721D06100FA88FE /* Build configuration list for PBXNativeTarget "PrepanetMindful" */ = {
			isa = XCConfigurationList;
			buildConfigurations = (
				3B07F9F52721D06100FA88FE /* Debug */,
				3B07F9F62721D06100FA88FE /* Release */,
			);
			defaultConfigurationIsVisible = 0;
			defaultConfigurationName = Release;
		};
/* End XCConfigurationList section */
	};
	rootObject = 3B07F9D82721D06000FA88FE /* Project object */;
}
